
Microsoft Visual Studio Solution File, Format Version 12.00
Project("{FAE04EC0-301F-11D3-BF4B-00C04F79EFBC}") = "FreightAssignment", "FreightAssignment\FreightAssignment.csproj", "{29D97DB7-FCA7-4BE9-9636-B2DD655FE3B9}"
EndProject
Project("{2150E333-8FDC-42A3-9474-1A3956D46DE8}") = "ApiIntegrations", "ApiIntegrations", "{33E9B10C-F251-4B0B-8BD4-F83E687120A1}"
EndProject
Project("{FAE04EC0-301F-11D3-BF4B-00C04F79EFBC}") = "Canpar", "ApiIntegrations\Canpar\Canpar.csproj", "{8A388145-993F-4327-9CBD-F5FD2CD6CFF6}"
EndProject
Project("{FAE04EC0-301F-11D3-BF4B-00C04F79EFBC}") = "Fedex", "ApiIntegrations\Fedex\Fedex.csproj", "{D68C6C4B-CDCF-43FA-9068-7AD2D10A170C}"
EndProject
Project("{FAE04EC0-301F-11D3-BF4B-00C04F79EFBC}") = "Purolator", "ApiIntegrations\Purolator\Purolator.csproj", "{97C6A8CA-7B61-4CCF-A22C-80387AD96AB1}"
EndProject
Project("{FAE04EC0-301F-11D3-BF4B-00C04F79EFBC}") = "Shared", "ApiIntegrations\Shared\Shared.csproj", "{F3D5A461-E35F-44C2-AE5A-B6AB6A1BAB82}"
EndProject
Project("{FAE04EC0-301F-11D3-BF4B-00C04F79EFBC}") = "Models", "Models\Models.csproj", "{610E1DE0-1573-4B2F-AE76-2ACE1DBE62C1}"
EndProject
Project("{FAE04EC0-301F-11D3-BF4B-00C04F79EFBC}") = "Base", "ApiIntegrations\Base\Base.csproj", "{BC0BD035-3310-4FDF-85FC-030B9F9256AE}"
EndProject
Global
	GlobalSection(SolutionConfigurationPlatforms) = preSolution
		Debug|Any CPU = Debug|Any CPU
		Release|Any CPU = Release|Any CPU
	EndGlobalSection
	GlobalSection(ProjectConfigurationPlatforms) = postSolution
		{29D97DB7-FCA7-4BE9-9636-B2DD655FE3B9}.Debug|Any CPU.ActiveCfg = Debug|Any CPU
		{29D97DB7-FCA7-4BE9-9636-B2DD655FE3B9}.Debug|Any CPU.Build.0 = Debug|Any CPU
		{29D97DB7-FCA7-4BE9-9636-B2DD655FE3B9}.Release|Any CPU.ActiveCfg = Release|Any CPU
		{29D97DB7-FCA7-4BE9-9636-B2DD655FE3B9}.Release|Any CPU.Build.0 = Release|Any CPU
		{8A388145-993F-4327-9CBD-F5FD2CD6CFF6}.Debug|Any CPU.ActiveCfg = Debug|Any CPU
		{8A388145-993F-4327-9CBD-F5FD2CD6CFF6}.Debug|Any CPU.Build.0 = Debug|Any CPU
		{8A388145-993F-4327-9CBD-F5FD2CD6CFF6}.Release|Any CPU.ActiveCfg = Release|Any CPU
		{8A388145-993F-4327-9CBD-F5FD2CD6CFF6}.Release|Any CPU.Build.0 = Release|Any CPU
		{D68C6C4B-CDCF-43FA-9068-7AD2D10A170C}.Debug|Any CPU.ActiveCfg = Debug|Any CPU
		{D68C6C4B-CDCF-43FA-9068-7AD2D10A170C}.Debug|Any CPU.Build.0 = Debug|Any CPU
		{D68C6C4B-CDCF-43FA-9068-7AD2D10A170C}.Release|Any CPU.ActiveCfg = Release|Any CPU
		{D68C6C4B-CDCF-43FA-9068-7AD2D10A170C}.Release|Any CPU.Build.0 = Release|Any CPU
		{97C6A8CA-7B61-4CCF-A22C-80387AD96AB1}.Debug|Any CPU.ActiveCfg = Debug|Any CPU
		{97C6A8CA-7B61-4CCF-A22C-80387AD96AB1}.Debug|Any CPU.Build.0 = Debug|Any CPU
		{97C6A8CA-7B61-4CCF-A22C-80387AD96AB1}.Release|Any CPU.ActiveCfg = Release|Any CPU
		{97C6A8CA-7B61-4CCF-A22C-80387AD96AB1}.Release|Any CPU.Build.0 = Release|Any CPU
		{F3D5A461-E35F-44C2-AE5A-B6AB6A1BAB82}.Debug|Any CPU.ActiveCfg = Debug|Any CPU
		{F3D5A461-E35F-44C2-AE5A-B6AB6A1BAB82}.Debug|Any CPU.Build.0 = Debug|Any CPU
		{F3D5A461-E35F-44C2-AE5A-B6AB6A1BAB82}.Release|Any CPU.ActiveCfg = Release|Any CPU
		{F3D5A461-E35F-44C2-AE5A-B6AB6A1BAB82}.Release|Any CPU.Build.0 = Release|Any CPU
		{610E1DE0-1573-4B2F-AE76-2ACE1DBE62C1}.Debug|Any CPU.ActiveCfg = Debug|Any CPU
		{610E1DE0-1573-4B2F-AE76-2ACE1DBE62C1}.Debug|Any CPU.Build.0 = Debug|Any CPU
		{610E1DE0-1573-4B2F-AE76-2ACE1DBE62C1}.Release|Any CPU.ActiveCfg = Release|Any CPU
		{610E1DE0-1573-4B2F-AE76-2ACE1DBE62C1}.Release|Any CPU.Build.0 = Release|Any CPU
		{BC0BD035-3310-4FDF-85FC-030B9F9256AE}.Debug|Any CPU.ActiveCfg = Debug|Any CPU
		{BC0BD035-3310-4FDF-85FC-030B9F9256AE}.Debug|Any CPU.Build.0 = Debug|Any CPU
		{BC0BD035-3310-4FDF-85FC-030B9F9256AE}.Release|Any CPU.ActiveCfg = Release|Any CPU
		{BC0BD035-3310-4FDF-85FC-030B9F9256AE}.Release|Any CPU.Build.0 = Release|Any CPU
	EndGlobalSection
	GlobalSection(NestedProjects) = preSolution
		{8A388145-993F-4327-9CBD-F5FD2CD6CFF6} = {33E9B10C-F251-4B0B-8BD4-F83E687120A1}
		{D68C6C4B-CDCF-43FA-9068-7AD2D10A170C} = {33E9B10C-F251-4B0B-8BD4-F83E687120A1}
		{97C6A8CA-7B61-4CCF-A22C-80387AD96AB1} = {33E9B10C-F251-4B0B-8BD4-F83E687120A1}
		{F3D5A461-E35F-44C2-AE5A-B6AB6A1BAB82} = {33E9B10C-F251-4B0B-8BD4-F83E687120A1}
		{BC0BD035-3310-4FDF-85FC-030B9F9256AE} = {33E9B10C-F251-4B0B-8BD4-F83E687120A1}
	EndGlobalSection
EndGlobal
